// !$*UTF8*$!
{
	archiveVersion = 1;
	classes = {
	};
	objectVersion = 50;
	objects = {

/* Begin PBXBuildFile section */
		DC933396267BC32D006BE981 /* main.cpp in Sources */ = {isa = PBXBuildFile; fileRef = DC933395267BC32D006BE981 /* main.cpp */; };
		DCA1CFF5267C5F10004748A7 /* libopencv_xphoto.4.5.2.dylib in Frameworks */ = {isa = PBXBuildFile; fileRef = DCA1CFBE267C5F0F004748A7 /* libopencv_xphoto.4.5.2.dylib */; };
		DCA1CFF6267C5F10004748A7 /* libopencv_video.4.5.2.dylib in Frameworks */ = {isa = PBXBuildFile; fileRef = DCA1CFBF267C5F0F004748A7 /* libopencv_video.4.5.2.dylib */; };
		DCA1CFF7267C5F10004748A7 /* libopencv_tracking.4.5.2.dylib in Frameworks */ = {isa = PBXBuildFile; fileRef = DCA1CFC0267C5F0F004748A7 /* libopencv_tracking.4.5.2.dylib */; };
		DCA1CFF8267C5F10004748A7 /* libopencv_face.4.5.2.dylib in Frameworks */ = {isa = PBXBuildFile; fileRef = DCA1CFC1267C5F0F004748A7 /* libopencv_face.4.5.2.dylib */; };
		DCA1CFF9267C5F10004748A7 /* libopencv_dnn_superres.4.5.2.dylib in Frameworks */ = {isa = PBXBuildFile; fileRef = DCA1CFC2267C5F0F004748A7 /* libopencv_dnn_superres.4.5.2.dylib */; };
		DCA1CFFA267C5F10004748A7 /* libopencv_bgsegm.4.5.2.dylib in Frameworks */ = {isa = PBXBuildFile; fileRef = DCA1CFC3267C5F0F004748A7 /* libopencv_bgsegm.4.5.2.dylib */; };
		DCA1CFFB267C5F10004748A7 /* libopencv_superres.4.5.2.dylib in Frameworks */ = {isa = PBXBuildFile; fileRef = DCA1CFC4267C5F0F004748A7 /* libopencv_superres.4.5.2.dylib */; };
		DCA1CFFC267C5F10004748A7 /* libopencv_viz.4.5.2.dylib in Frameworks */ = {isa = PBXBuildFile; fileRef = DCA1CFC5267C5F0F004748A7 /* libopencv_viz.4.5.2.dylib */; };
		DCA1CFFD267C5F10004748A7 /* libopencv_features2d.4.5.2.dylib in Frameworks */ = {isa = PBXBuildFile; fileRef = DCA1CFC6267C5F0F004748A7 /* libopencv_features2d.4.5.2.dylib */; };
		DCA1CFFE267C5F10004748A7 /* libopencv_aruco.4.5.2.dylib in Frameworks */ = {isa = PBXBuildFile; fileRef = DCA1CFC7267C5F0F004748A7 /* libopencv_aruco.4.5.2.dylib */; };
		DCA1CFFF267C5F10004748A7 /* libopencv_structured_light.4.5.2.dylib in Frameworks */ = {isa = PBXBuildFile; fileRef = DCA1CFC8267C5F0F004748A7 /* libopencv_structured_light.4.5.2.dylib */; };
		DCA1D000267C5F10004748A7 /* libopencv_line_descriptor.4.5.2.dylib in Frameworks */ = {isa = PBXBuildFile; fileRef = DCA1CFC9267C5F0F004748A7 /* libopencv_line_descriptor.4.5.2.dylib */; };
		DCA1D001267C5F10004748A7 /* libopencv_fuzzy.4.5.2.dylib in Frameworks */ = {isa = PBXBuildFile; fileRef = DCA1CFCA267C5F0F004748A7 /* libopencv_fuzzy.4.5.2.dylib */; };
		DCA1D002267C5F10004748A7 /* libopencv_rapid.4.5.2.dylib in Frameworks */ = {isa = PBXBuildFile; fileRef = DCA1CFCB267C5F0F004748A7 /* libopencv_rapid.4.5.2.dylib */; };
		DCA1D003267C5F10004748A7 /* libopencv_dnn_objdetect.4.5.2.dylib in Frameworks */ = {isa = PBXBuildFile; fileRef = DCA1CFCC267C5F0F004748A7 /* libopencv_dnn_objdetect.4.5.2.dylib */; };
		DCA1D004267C5F10004748A7 /* libopencv_img_hash.4.5.2.dylib in Frameworks */ = {isa = PBXBuildFile; fileRef = DCA1CFCD267C5F0F004748A7 /* libopencv_img_hash.4.5.2.dylib */; };
		DCA1D005267C5F10004748A7 /* libopencv_gapi.4.5.2.dylib in Frameworks */ = {isa = PBXBuildFile; fileRef = DCA1CFCE267C5F0F004748A7 /* libopencv_gapi.4.5.2.dylib */; };
		DCA1D006267C5F10004748A7 /* libopencv_intensity_transform.4.5.2.dylib in Frameworks */ = {isa = PBXBuildFile; fileRef = DCA1CFCF267C5F0F004748A7 /* libopencv_intensity_transform.4.5.2.dylib */; };
		DCA1D007267C5F10004748A7 /* libopencv_rgbd.4.5.2.dylib in Frameworks */ = {isa = PBXBuildFile; fileRef = DCA1CFD0267C5F0F004748A7 /* libopencv_rgbd.4.5.2.dylib */; };
		DCA1D008267C5F10004748A7 /* libopencv_imgcodecs.4.5.2.dylib in Frameworks */ = {isa = PBXBuildFile; fileRef = DCA1CFD1267C5F0F004748A7 /* libopencv_imgcodecs.4.5.2.dylib */; };
		DCA1D009267C5F10004748A7 /* libopencv_phase_unwrapping.4.5.2.dylib in Frameworks */ = {isa = PBXBuildFile; fileRef = DCA1CFD2267C5F0F004748A7 /* libopencv_phase_unwrapping.4.5.2.dylib */; };
		DCA1D00A267C5F11004748A7 /* libopencv_videostab.4.5.2.dylib in Frameworks */ = {isa = PBXBuildFile; fileRef = DCA1CFD3267C5F0F004748A7 /* libopencv_videostab.4.5.2.dylib */; };
		DCA1D00B267C5F11004748A7 /* libopencv_hfs.4.5.2.dylib in Frameworks */ = {isa = PBXBuildFile; fileRef = DCA1CFD4267C5F0F004748A7 /* libopencv_hfs.4.5.2.dylib */; };
		DCA1D00C267C5F11004748A7 /* libopencv_surface_matching.4.5.2.dylib in Frameworks */ = {isa = PBXBuildFile; fileRef = DCA1CFD5267C5F10004748A7 /* libopencv_surface_matching.4.5.2.dylib */; };
		DCA1D00D267C5F11004748A7 /* libopencv_sfm.4.5.2.dylib in Frameworks */ = {isa = PBXBuildFile; fileRef = DCA1CFD6267C5F10004748A7 /* libopencv_sfm.4.5.2.dylib */; };
		DCA1D00E267C5F11004748A7 /* libopencv_xobjdetect.4.5.2.dylib in Frameworks */ = {isa = PBXBuildFile; fileRef = DCA1CFD7267C5F10004748A7 /* libopencv_xobjdetect.4.5.2.dylib */; };
		DCA1D00F267C5F11004748A7 /* libopencv_ccalib.4.5.2.dylib in Frameworks */ = {isa = PBXBuildFile; fileRef = DCA1CFD8267C5F10004748A7 /* libopencv_ccalib.4.5.2.dylib */; };
		DCA1D010267C5F11004748A7 /* libopencv_highgui.4.5.2.dylib in Frameworks */ = {isa = PBXBuildFile; fileRef = DCA1CFD9267C5F10004748A7 /* libopencv_highgui.4.5.2.dylib */; };
		DCA1D011267C5F11004748A7 /* libopencv_bioinspired.4.5.2.dylib in Frameworks */ = {isa = PBXBuildFile; fileRef = DCA1CFDA267C5F10004748A7 /* libopencv_bioinspired.4.5.2.dylib */; };
		DCA1D012267C5F11004748A7 /* libopencv_core.4.5.2.dylib in Frameworks */ = {isa = PBXBuildFile; fileRef = DCA1CFDB267C5F10004748A7 /* libopencv_core.4.5.2.dylib */; };
		DCA1D013267C5F11004748A7 /* libopencv_mcc.4.5.2.dylib in Frameworks */ = {isa = PBXBuildFile; fileRef = DCA1CFDC267C5F10004748A7 /* libopencv_mcc.4.5.2.dylib */; };
		DCA1D014267C5F11004748A7 /* libopencv_plot.4.5.2.dylib in Frameworks */ = {isa = PBXBuildFile; fileRef = DCA1CFDD267C5F10004748A7 /* libopencv_plot.4.5.2.dylib */; };
		DCA1D015267C5F11004748A7 /* libopencv_dpm.4.5.2.dylib in Frameworks */ = {isa = PBXBuildFile; fileRef = DCA1CFDE267C5F10004748A7 /* libopencv_dpm.4.5.2.dylib */; };
		DCA1D016267C5F11004748A7 /* libopencv_imgproc.4.5.2.dylib in Frameworks */ = {isa = PBXBuildFile; fileRef = DCA1CFDF267C5F10004748A7 /* libopencv_imgproc.4.5.2.dylib */; };
		DCA1D017267C5F11004748A7 /* libopencv_optflow.4.5.2.dylib in Frameworks */ = {isa = PBXBuildFile; fileRef = DCA1CFE0267C5F10004748A7 /* libopencv_optflow.4.5.2.dylib */; };
		DCA1D018267C5F11004748A7 /* libopencv_objdetect.4.5.2.dylib in Frameworks */ = {isa = PBXBuildFile; fileRef = DCA1CFE1267C5F10004748A7 /* libopencv_objdetect.4.5.2.dylib */; };
		DCA1D019267C5F11004748A7 /* libopencv_stereo.4.5.2.dylib in Frameworks */ = {isa = PBXBuildFile; fileRef = DCA1CFE2267C5F10004748A7 /* libopencv_stereo.4.5.2.dylib */; };
		DCA1D01A267C5F11004748A7 /* libopencv_datasets.4.5.2.dylib in Frameworks */ = {isa = PBXBuildFile; fileRef = DCA1CFE3267C5F10004748A7 /* libopencv_datasets.4.5.2.dylib */; };
		DCA1D01B267C5F11004748A7 /* libopencv_flann.4.5.2.dylib in Frameworks */ = {isa = PBXBuildFile; fileRef = DCA1CFE4267C5F10004748A7 /* libopencv_flann.4.5.2.dylib */; };
		DCA1D01C267C5F11004748A7 /* libopencv_text.4.5.2.dylib in Frameworks */ = {isa = PBXBuildFile; fileRef = DCA1CFE5267C5F10004748A7 /* libopencv_text.4.5.2.dylib */; };
		DCA1D01D267C5F11004748A7 /* libopencv_alphamat.4.5.2.dylib in Frameworks */ = {isa = PBXBuildFile; fileRef = DCA1CFE6267C5F10004748A7 /* libopencv_alphamat.4.5.2.dylib */; };
		DCA1D01E267C5F11004748A7 /* libopencv_freetype.4.5.2.dylib in Frameworks */ = {isa = PBXBuildFile; fileRef = DCA1CFE7267C5F10004748A7 /* libopencv_freetype.4.5.2.dylib */; };
		DCA1D01F267C5F11004748A7 /* libopencv_reg.4.5.2.dylib in Frameworks */ = {isa = PBXBuildFile; fileRef = DCA1CFE8267C5F10004748A7 /* libopencv_reg.4.5.2.dylib */; };
		DCA1D020267C5F11004748A7 /* libopencv_quality.4.5.2.dylib in Frameworks */ = {isa = PBXBuildFile; fileRef = DCA1CFE9267C5F10004748A7 /* libopencv_quality.4.5.2.dylib */; };
		DCA1D021267C5F11004748A7 /* libopencv_photo.4.5.2.dylib in Frameworks */ = {isa = PBXBuildFile; fileRef = DCA1CFEA267C5F10004748A7 /* libopencv_photo.4.5.2.dylib */; };
		DCA1D022267C5F11004748A7 /* libopencv_shape.4.5.2.dylib in Frameworks */ = {isa = PBXBuildFile; fileRef = DCA1CFEB267C5F10004748A7 /* libopencv_shape.4.5.2.dylib */; };
		DCA1D023267C5F11004748A7 /* libopencv_wechat_qrcode.4.5.2.dylib in Frameworks */ = {isa = PBXBuildFile; fileRef = DCA1CFEC267C5F10004748A7 /* libopencv_wechat_qrcode.4.5.2.dylib */; };
		DCA1D024267C5F11004748A7 /* libopencv_stitching.4.5.2.dylib in Frameworks */ = {isa = PBXBuildFile; fileRef = DCA1CFED267C5F10004748A7 /* libopencv_stitching.4.5.2.dylib */; };
		DCA1D025267C5F11004748A7 /* libopencv_ximgproc.4.5.2.dylib in Frameworks */ = {isa = PBXBuildFile; fileRef = DCA1CFEE267C5F10004748A7 /* libopencv_ximgproc.4.5.2.dylib */; };
		DCA1D026267C5F11004748A7 /* libopencv_calib3d.4.5.2.dylib in Frameworks */ = {isa = PBXBuildFile; fileRef = DCA1CFEF267C5F10004748A7 /* libopencv_calib3d.4.5.2.dylib */; };
		DCA1D027267C5F11004748A7 /* libopencv_ml.4.5.2.dylib in Frameworks */ = {isa = PBXBuildFile; fileRef = DCA1CFF0267C5F10004748A7 /* libopencv_ml.4.5.2.dylib */; };
		DCA1D028267C5F11004748A7 /* libopencv_videoio.4.5.2.dylib in Frameworks */ = {isa = PBXBuildFile; fileRef = DCA1CFF1267C5F10004748A7 /* libopencv_videoio.4.5.2.dylib */; };
		DCA1D029267C5F11004748A7 /* libopencv_xfeatures2d.4.5.2.dylib in Frameworks */ = {isa = PBXBuildFile; fileRef = DCA1CFF2267C5F10004748A7 /* libopencv_xfeatures2d.4.5.2.dylib */; };
		DCA1D02A267C5F11004748A7 /* libopencv_saliency.4.5.2.dylib in Frameworks */ = {isa = PBXBuildFile; fileRef = DCA1CFF3267C5F10004748A7 /* libopencv_saliency.4.5.2.dylib */; };
		DCA1D02B267C5F12004748A7 /* libopencv_dnn.4.5.2.dylib in Frameworks */ = {isa = PBXBuildFile; fileRef = DCA1CFF4267C5F10004748A7 /* libopencv_dnn.4.5.2.dylib */; };
/* End PBXBuildFile section */

/* Begin PBXCopyFilesBuildPhase section */
		DC933390267BC32D006BE981 /* CopyFiles */ = {
			isa = PBXCopyFilesBuildPhase;
			buildActionMask = 2147483647;
			dstPath = /usr/share/man/man1/;
			dstSubfolderSpec = 0;
			files = (
			);
			runOnlyForDeploymentPostprocessing = 1;
		};
/* End PBXCopyFilesBuildPhase section */

/* Begin PBXFileReference section */
		DC933392267BC32D006BE981 /* Practice */ = {isa = PBXFileReference; explicitFileType = "compiled.mach-o.executable"; includeInIndex = 0; path = Practice; sourceTree = BUILT_PRODUCTS_DIR; };
		DC933395267BC32D006BE981 /* main.cpp */ = {isa = PBXFileReference; lastKnownFileType = sourcecode.cpp.cpp; path = main.cpp; sourceTree = "<group>"; };
		DCA1CFBE267C5F0F004748A7 /* libopencv_xphoto.4.5.2.dylib */ = {isa = PBXFileReference; lastKnownFileType = "compiled.mach-o.dylib"; name = libopencv_xphoto.4.5.2.dylib; path = ../../../../usr/local/Cellar/opencv/4.5.2_4/lib/libopencv_xphoto.4.5.2.dylib; sourceTree = "<group>"; };
		DCA1CFBF267C5F0F004748A7 /* libopencv_video.4.5.2.dylib */ = {isa = PBXFileReference; lastKnownFileType = "compiled.mach-o.dylib"; name = libopencv_video.4.5.2.dylib; path = ../../../../usr/local/Cellar/opencv/4.5.2_4/lib/libopencv_video.4.5.2.dylib; sourceTree = "<group>"; };
		DCA1CFC0267C5F0F004748A7 /* libopencv_tracking.4.5.2.dylib */ = {isa = PBXFileReference; lastKnownFileType = "compiled.mach-o.dylib"; name = libopencv_tracking.4.5.2.dylib; path = ../../../../usr/local/Cellar/opencv/4.5.2_4/lib/libopencv_tracking.4.5.2.dylib; sourceTree = "<group>"; };
		DCA1CFC1267C5F0F004748A7 /* libopencv_face.4.5.2.dylib */ = {isa = PBXFileReference; lastKnownFileType = "compiled.mach-o.dylib"; name = libopencv_face.4.5.2.dylib; path = ../../../../usr/local/Cellar/opencv/4.5.2_4/lib/libopencv_face.4.5.2.dylib; sourceTree = "<group>"; };
		DCA1CFC2267C5F0F004748A7 /* libopencv_dnn_superres.4.5.2.dylib */ = {isa = PBXFileReference; lastKnownFileType = "compiled.mach-o.dylib"; name = libopencv_dnn_superres.4.5.2.dylib; path = ../../../../usr/local/Cellar/opencv/4.5.2_4/lib/libopencv_dnn_superres.4.5.2.dylib; sourceTree = "<group>"; };
		DCA1CFC3267C5F0F004748A7 /* libopencv_bgsegm.4.5.2.dylib */ = {isa = PBXFileReference; lastKnownFileType = "compiled.mach-o.dylib"; name = libopencv_bgsegm.4.5.2.dylib; path = ../../../../usr/local/Cellar/opencv/4.5.2_4/lib/libopencv_bgsegm.4.5.2.dylib; sourceTree = "<group>"; };
		DCA1CFC4267C5F0F004748A7 /* libopencv_superres.4.5.2.dylib */ = {isa = PBXFileReference; lastKnownFileType = "compiled.mach-o.dylib"; name = libopencv_superres.4.5.2.dylib; path = ../../../../usr/local/Cellar/opencv/4.5.2_4/lib/libopencv_superres.4.5.2.dylib; sourceTree = "<group>"; };
		DCA1CFC5267C5F0F004748A7 /* libopencv_viz.4.5.2.dylib */ = {isa = PBXFileReference; lastKnownFileType = "compiled.mach-o.dylib"; name = libopencv_viz.4.5.2.dylib; path = ../../../../usr/local/Cellar/opencv/4.5.2_4/lib/libopencv_viz.4.5.2.dylib; sourceTree = "<group>"; };
		DCA1CFC6267C5F0F004748A7 /* libopencv_features2d.4.5.2.dylib */ = {isa = PBXFileReference; lastKnownFileType = "compiled.mach-o.dylib"; name = libopencv_features2d.4.5.2.dylib; path = ../../../../usr/local/Cellar/opencv/4.5.2_4/lib/libopencv_features2d.4.5.2.dylib; sourceTree = "<group>"; };
		DCA1CFC7267C5F0F004748A7 /* libopencv_aruco.4.5.2.dylib */ = {isa = PBXFileReference; lastKnownFileType = "compiled.mach-o.dylib"; name = libopencv_aruco.4.5.2.dylib; path = ../../../../usr/local/Cellar/opencv/4.5.2_4/lib/libopencv_aruco.4.5.2.dylib; sourceTree = "<group>"; };
		DCA1CFC8267C5F0F004748A7 /* libopencv_structured_light.4.5.2.dylib */ = {isa = PBXFileReference; lastKnownFileType = "compiled.mach-o.dylib"; name = libopencv_structured_light.4.5.2.dylib; path = ../../../../usr/local/Cellar/opencv/4.5.2_4/lib/libopencv_structured_light.4.5.2.dylib; sourceTree = "<group>"; };
		DCA1CFC9267C5F0F004748A7 /* libopencv_line_descriptor.4.5.2.dylib */ = {isa = PBXFileReference; lastKnownFileType = "compiled.mach-o.dylib"; name = libopencv_line_descriptor.4.5.2.dylib; path = ../../../../usr/local/Cellar/opencv/4.5.2_4/lib/libopencv_line_descriptor.4.5.2.dylib; sourceTree = "<group>"; };
		DCA1CFCA267C5F0F004748A7 /* libopencv_fuzzy.4.5.2.dylib */ = {isa = PBXFileReference; lastKnownFileType = "compiled.mach-o.dylib"; name = libopencv_fuzzy.4.5.2.dylib; path = ../../../../usr/local/Cellar/opencv/4.5.2_4/lib/libopencv_fuzzy.4.5.2.dylib; sourceTree = "<group>"; };
		DCA1CFCB267C5F0F004748A7 /* libopencv_rapid.4.5.2.dylib */ = {isa = PBXFileReference; lastKnownFileType = "compiled.mach-o.dylib"; name = libopencv_rapid.4.5.2.dylib; path = ../../../../usr/local/Cellar/opencv/4.5.2_4/lib/libopencv_rapid.4.5.2.dylib; sourceTree = "<group>"; };
		DCA1CFCC267C5F0F004748A7 /* libopencv_dnn_objdetect.4.5.2.dylib */ = {isa = PBXFileReference; lastKnownFileType = "compiled.mach-o.dylib"; name = libopencv_dnn_objdetect.4.5.2.dylib; path = ../../../../usr/local/Cellar/opencv/4.5.2_4/lib/libopencv_dnn_objdetect.4.5.2.dylib; sourceTree = "<group>"; };
		DCA1CFCD267C5F0F004748A7 /* libopencv_img_hash.4.5.2.dylib */ = {isa = PBXFileReference; lastKnownFileType = "compiled.mach-o.dylib"; name = libopencv_img_hash.4.5.2.dylib; path = ../../../../usr/local/Cellar/opencv/4.5.2_4/lib/libopencv_img_hash.4.5.2.dylib; sourceTree = "<group>"; };
		DCA1CFCE267C5F0F004748A7 /* libopencv_gapi.4.5.2.dylib */ = {isa = PBXFileReference; lastKnownFileType = "compiled.mach-o.dylib"; name = libopencv_gapi.4.5.2.dylib; path = ../../../../usr/local/Cellar/opencv/4.5.2_4/lib/libopencv_gapi.4.5.2.dylib; sourceTree = "<group>"; };
		DCA1CFCF267C5F0F004748A7 /* libopencv_intensity_transform.4.5.2.dylib */ = {isa = PBXFileReference; lastKnownFileType = "compiled.mach-o.dylib"; name = libopencv_intensity_transform.4.5.2.dylib; path = ../../../../usr/local/Cellar/opencv/4.5.2_4/lib/libopencv_intensity_transform.4.5.2.dylib; sourceTree = "<group>"; };
		DCA1CFD0267C5F0F004748A7 /* libopencv_rgbd.4.5.2.dylib */ = {isa = PBXFileReference; lastKnownFileType = "compiled.mach-o.dylib"; name = libopencv_rgbd.4.5.2.dylib; path = ../../../../usr/local/Cellar/opencv/4.5.2_4/lib/libopencv_rgbd.4.5.2.dylib; sourceTree = "<group>"; };
		DCA1CFD1267C5F0F004748A7 /* libopencv_imgcodecs.4.5.2.dylib */ = {isa = PBXFileReference; lastKnownFileType = "compiled.mach-o.dylib"; name = libopencv_imgcodecs.4.5.2.dylib; path = ../../../../usr/local/Cellar/opencv/4.5.2_4/lib/libopencv_imgcodecs.4.5.2.dylib; sourceTree = "<group>"; };
		DCA1CFD2267C5F0F004748A7 /* libopencv_phase_unwrapping.4.5.2.dylib */ = {isa = PBXFileReference; lastKnownFileType = "compiled.mach-o.dylib"; name = libopencv_phase_unwrapping.4.5.2.dylib; path = ../../../../usr/local/Cellar/opencv/4.5.2_4/lib/libopencv_phase_unwrapping.4.5.2.dylib; sourceTree = "<group>"; };
		DCA1CFD3267C5F0F004748A7 /* libopencv_videostab.4.5.2.dylib */ = {isa = PBXFileReference; lastKnownFileType = "compiled.mach-o.dylib"; name = libopencv_videostab.4.5.2.dylib; path = ../../../../usr/local/Cellar/opencv/4.5.2_4/lib/libopencv_videostab.4.5.2.dylib; sourceTree = "<group>"; };
		DCA1CFD4267C5F0F004748A7 /* libopencv_hfs.4.5.2.dylib */ = {isa = PBXFileReference; lastKnownFileType = "compiled.mach-o.dylib"; name = libopencv_hfs.4.5.2.dylib; path = ../../../../usr/local/Cellar/opencv/4.5.2_4/lib/libopencv_hfs.4.5.2.dylib; sourceTree = "<group>"; };
		DCA1CFD5267C5F10004748A7 /* libopencv_surface_matching.4.5.2.dylib */ = {isa = PBXFileReference; lastKnownFileType = "compiled.mach-o.dylib"; name = libopencv_surface_matching.4.5.2.dylib; path = ../../../../usr/local/Cellar/opencv/4.5.2_4/lib/libopencv_surface_matching.4.5.2.dylib; sourceTree = "<group>"; };
		DCA1CFD6267C5F10004748A7 /* libopencv_sfm.4.5.2.dylib */ = {isa = PBXFileReference; lastKnownFileType = "compiled.mach-o.dylib"; name = libopencv_sfm.4.5.2.dylib; path = ../../../../usr/local/Cellar/opencv/4.5.2_4/lib/libopencv_sfm.4.5.2.dylib; sourceTree = "<group>"; };
		DCA1CFD7267C5F10004748A7 /* libopencv_xobjdetect.4.5.2.dylib */ = {isa = PBXFileReference; lastKnownFileType = "compiled.mach-o.dylib"; name = libopencv_xobjdetect.4.5.2.dylib; path = ../../../../usr/local/Cellar/opencv/4.5.2_4/lib/libopencv_xobjdetect.4.5.2.dylib; sourceTree = "<group>"; };
		DCA1CFD8267C5F10004748A7 /* libopencv_ccalib.4.5.2.dylib */ = {isa = PBXFileReference; lastKnownFileType = "compiled.mach-o.dylib"; name = libopencv_ccalib.4.5.2.dylib; path = ../../../../usr/local/Cellar/opencv/4.5.2_4/lib/libopencv_ccalib.4.5.2.dylib; sourceTree = "<group>"; };
		DCA1CFD9267C5F10004748A7 /* libopencv_highgui.4.5.2.dylib */ = {isa = PBXFileReference; lastKnownFileType = "compiled.mach-o.dylib"; name = libopencv_highgui.4.5.2.dylib; path = ../../../../usr/local/Cellar/opencv/4.5.2_4/lib/libopencv_highgui.4.5.2.dylib; sourceTree = "<group>"; };
		DCA1CFDA267C5F10004748A7 /* libopencv_bioinspired.4.5.2.dylib */ = {isa = PBXFileReference; lastKnownFileType = "compiled.mach-o.dylib"; name = libopencv_bioinspired.4.5.2.dylib; path = ../../../../usr/local/Cellar/opencv/4.5.2_4/lib/libopencv_bioinspired.4.5.2.dylib; sourceTree = "<group>"; };
		DCA1CFDB267C5F10004748A7 /* libopencv_core.4.5.2.dylib */ = {isa = PBXFileReference; lastKnownFileType = "compiled.mach-o.dylib"; name = libopencv_core.4.5.2.dylib; path = ../../../../usr/local/Cellar/opencv/4.5.2_4/lib/libopencv_core.4.5.2.dylib; sourceTree = "<group>"; };
		DCA1CFDC267C5F10004748A7 /* libopencv_mcc.4.5.2.dylib */ = {isa = PBXFileReference; lastKnownFileType = "compiled.mach-o.dylib"; name = libopencv_mcc.4.5.2.dylib; path = ../../../../usr/local/Cellar/opencv/4.5.2_4/lib/libopencv_mcc.4.5.2.dylib; sourceTree = "<group>"; };
		DCA1CFDD267C5F10004748A7 /* libopencv_plot.4.5.2.dylib */ = {isa = PBXFileReference; lastKnownFileType = "compiled.mach-o.dylib"; name = libopencv_plot.4.5.2.dylib; path = ../../../../usr/local/Cellar/opencv/4.5.2_4/lib/libopencv_plot.4.5.2.dylib; sourceTree = "<group>"; };
		DCA1CFDE267C5F10004748A7 /* libopencv_dpm.4.5.2.dylib */ = {isa = PBXFileReference; lastKnownFileType = "compiled.mach-o.dylib"; name = libopencv_dpm.4.5.2.dylib; path = ../../../../usr/local/Cellar/opencv/4.5.2_4/lib/libopencv_dpm.4.5.2.dylib; sourceTree = "<group>"; };
		DCA1CFDF267C5F10004748A7 /* libopencv_imgproc.4.5.2.dylib */ = {isa = PBXFileReference; lastKnownFileType = "compiled.mach-o.dylib"; name = libopencv_imgproc.4.5.2.dylib; path = ../../../../usr/local/Cellar/opencv/4.5.2_4/lib/libopencv_imgproc.4.5.2.dylib; sourceTree = "<group>"; };
		DCA1CFE0267C5F10004748A7 /* libopencv_optflow.4.5.2.dylib */ = {isa = PBXFileReference; lastKnownFileType = "compiled.mach-o.dylib"; name = libopencv_optflow.4.5.2.dylib; path = ../../../../usr/local/Cellar/opencv/4.5.2_4/lib/libopencv_optflow.4.5.2.dylib; sourceTree = "<group>"; };
		DCA1CFE1267C5F10004748A7 /* libopencv_objdetect.4.5.2.dylib */ = {isa = PBXFileReference; lastKnownFileType = "compiled.mach-o.dylib"; name = libopencv_objdetect.4.5.2.dylib; path = ../../../../usr/local/Cellar/opencv/4.5.2_4/lib/libopencv_objdetect.4.5.2.dylib; sourceTree = "<group>"; };
		DCA1CFE2267C5F10004748A7 /* libopencv_stereo.4.5.2.dylib */ = {isa = PBXFileReference; lastKnownFileType = "compiled.mach-o.dylib"; name = libopencv_stereo.4.5.2.dylib; path = ../../../../usr/local/Cellar/opencv/4.5.2_4/lib/libopencv_stereo.4.5.2.dylib; sourceTree = "<group>"; };
		DCA1CFE3267C5F10004748A7 /* libopencv_datasets.4.5.2.dylib */ = {isa = PBXFileReference; lastKnownFileType = "compiled.mach-o.dylib"; name = libopencv_datasets.4.5.2.dylib; path = ../../../../usr/local/Cellar/opencv/4.5.2_4/lib/libopencv_datasets.4.5.2.dylib; sourceTree = "<group>"; };
		DCA1CFE4267C5F10004748A7 /* libopencv_flann.4.5.2.dylib */ = {isa = PBXFileReference; lastKnownFileType = "compiled.mach-o.dylib"; name = libopencv_flann.4.5.2.dylib; path = ../../../../usr/local/Cellar/opencv/4.5.2_4/lib/libopencv_flann.4.5.2.dylib; sourceTree = "<group>"; };
		DCA1CFE5267C5F10004748A7 /* libopencv_text.4.5.2.dylib */ = {isa = PBXFileReference; lastKnownFileType = "compiled.mach-o.dylib"; name = libopencv_text.4.5.2.dylib; path = ../../../../usr/local/Cellar/opencv/4.5.2_4/lib/libopencv_text.4.5.2.dylib; sourceTree = "<group>"; };
		DCA1CFE6267C5F10004748A7 /* libopencv_alphamat.4.5.2.dylib */ = {isa = PBXFileReference; lastKnownFileType = "compiled.mach-o.dylib"; name = libopencv_alphamat.4.5.2.dylib; path = ../../../../usr/local/Cellar/opencv/4.5.2_4/lib/libopencv_alphamat.4.5.2.dylib; sourceTree = "<group>"; };
		DCA1CFE7267C5F10004748A7 /* libopencv_freetype.4.5.2.dylib */ = {isa = PBXFileReference; lastKnownFileType = "compiled.mach-o.dylib"; name = libopencv_freetype.4.5.2.dylib; path = ../../../../usr/local/Cellar/opencv/4.5.2_4/lib/libopencv_freetype.4.5.2.dylib; sourceTree = "<group>"; };
		DCA1CFE8267C5F10004748A7 /* libopencv_reg.4.5.2.dylib */ = {isa = PBXFileReference; lastKnownFileType = "compiled.mach-o.dylib"; name = libopencv_reg.4.5.2.dylib; path = ../../../../usr/local/Cellar/opencv/4.5.2_4/lib/libopencv_reg.4.5.2.dylib; sourceTree = "<group>"; };
		DCA1CFE9267C5F10004748A7 /* libopencv_quality.4.5.2.dylib */ = {isa = PBXFileReference; lastKnownFileType = "compiled.mach-o.dylib"; name = libopencv_quality.4.5.2.dylib; path = ../../../../usr/local/Cellar/opencv/4.5.2_4/lib/libopencv_quality.4.5.2.dylib; sourceTree = "<group>"; };
		DCA1CFEA267C5F10004748A7 /* libopencv_photo.4.5.2.dylib */ = {isa = PBXFileReference; lastKnownFileType = "compiled.mach-o.dylib"; name = libopencv_photo.4.5.2.dylib; path = ../../../../usr/local/Cellar/opencv/4.5.2_4/lib/libopencv_photo.4.5.2.dylib; sourceTree = "<group>"; };
		DCA1CFEB267C5F10004748A7 /* libopencv_shape.4.5.2.dylib */ = {isa = PBXFileReference; lastKnownFileType = "compiled.mach-o.dylib"; name = libopencv_shape.4.5.2.dylib; path = ../../../../usr/local/Cellar/opencv/4.5.2_4/lib/libopencv_shape.4.5.2.dylib; sourceTree = "<group>"; };
		DCA1CFEC267C5F10004748A7 /* libopencv_wechat_qrcode.4.5.2.dylib */ = {isa = PBXFileReference; lastKnownFileType = "compiled.mach-o.dylib"; name = libopencv_wechat_qrcode.4.5.2.dylib; path = ../../../../usr/local/Cellar/opencv/4.5.2_4/lib/libopencv_wechat_qrcode.4.5.2.dylib; sourceTree = "<group>"; };
		DCA1CFED267C5F10004748A7 /* libopencv_stitching.4.5.2.dylib */ = {isa = PBXFileReference; lastKnownFileType = "compiled.mach-o.dylib"; name = libopencv_stitching.4.5.2.dylib; path = ../../../../usr/local/Cellar/opencv/4.5.2_4/lib/libopencv_stitching.4.5.2.dylib; sourceTree = "<group>"; };
		DCA1CFEE267C5F10004748A7 /* libopencv_ximgproc.4.5.2.dylib */ = {isa = PBXFileReference; lastKnownFileType = "compiled.mach-o.dylib"; name = libopencv_ximgproc.4.5.2.dylib; path = ../../../../usr/local/Cellar/opencv/4.5.2_4/lib/libopencv_ximgproc.4.5.2.dylib; sourceTree = "<group>"; };
		DCA1CFEF267C5F10004748A7 /* libopencv_calib3d.4.5.2.dylib */ = {isa = PBXFileReference; lastKnownFileType = "compiled.mach-o.dylib"; name = libopencv_calib3d.4.5.2.dylib; path = ../../../../usr/local/Cellar/opencv/4.5.2_4/lib/libopencv_calib3d.4.5.2.dylib; sourceTree = "<group>"; };
		DCA1CFF0267C5F10004748A7 /* libopencv_ml.4.5.2.dylib */ = {isa = PBXFileReference; lastKnownFileType = "compiled.mach-o.dylib"; name = libopencv_ml.4.5.2.dylib; path = ../../../../usr/local/Cellar/opencv/4.5.2_4/lib/libopencv_ml.4.5.2.dylib; sourceTree = "<group>"; };
		DCA1CFF1267C5F10004748A7 /* libopencv_videoio.4.5.2.dylib */ = {isa = PBXFileReference; lastKnownFileType = "compiled.mach-o.dylib"; name = libopencv_videoio.4.5.2.dylib; path = ../../../../usr/local/Cellar/opencv/4.5.2_4/lib/libopencv_videoio.4.5.2.dylib; sourceTree = "<group>"; };
		DCA1CFF2267C5F10004748A7 /* libopencv_xfeatures2d.4.5.2.dylib */ = {isa = PBXFileReference; lastKnownFileType = "compiled.mach-o.dylib"; name = libopencv_xfeatures2d.4.5.2.dylib; path = ../../../../usr/local/Cellar/opencv/4.5.2_4/lib/libopencv_xfeatures2d.4.5.2.dylib; sourceTree = "<group>"; };
		DCA1CFF3267C5F10004748A7 /* libopencv_saliency.4.5.2.dylib */ = {isa = PBXFileReference; lastKnownFileType = "compiled.mach-o.dylib"; name = libopencv_saliency.4.5.2.dylib; path = ../../../../usr/local/Cellar/opencv/4.5.2_4/lib/libopencv_saliency.4.5.2.dylib; sourceTree = "<group>"; };
		DCA1CFF4267C5F10004748A7 /* libopencv_dnn.4.5.2.dylib */ = {isa = PBXFileReference; lastKnownFileType = "compiled.mach-o.dylib"; name = libopencv_dnn.4.5.2.dylib; path = ../../../../usr/local/Cellar/opencv/4.5.2_4/lib/libopencv_dnn.4.5.2.dylib; sourceTree = "<group>"; };
/* End PBXFileReference section */

/* Begin PBXFrameworksBuildPhase section */
		DC93338F267BC32D006BE981 /* Frameworks */ = {
			isa = PBXFrameworksBuildPhase;
			buildActionMask = 2147483647;
			files = (
				DCA1D00A267C5F11004748A7 /* libopencv_videostab.4.5.2.dylib in Frameworks */,
				DCA1D014267C5F11004748A7 /* libopencv_plot.4.5.2.dylib in Frameworks */,
				DCA1D00C267C5F11004748A7 /* libopencv_surface_matching.4.5.2.dylib in Frameworks */,
				DCA1D010267C5F11004748A7 /* libopencv_highgui.4.5.2.dylib in Frameworks */,
				DCA1D02A267C5F11004748A7 /* libopencv_saliency.4.5.2.dylib in Frameworks */,
				DCA1D024267C5F11004748A7 /* libopencv_stitching.4.5.2.dylib in Frameworks */,
				DCA1D005267C5F10004748A7 /* libopencv_gapi.4.5.2.dylib in Frameworks */,
				DCA1D02B267C5F12004748A7 /* libopencv_dnn.4.5.2.dylib in Frameworks */,
				DCA1D029267C5F11004748A7 /* libopencv_xfeatures2d.4.5.2.dylib in Frameworks */,
				DCA1CFF9267C5F10004748A7 /* libopencv_dnn_superres.4.5.2.dylib in Frameworks */,
				DCA1D015267C5F11004748A7 /* libopencv_dpm.4.5.2.dylib in Frameworks */,
				DCA1CFFF267C5F10004748A7 /* libopencv_structured_light.4.5.2.dylib in Frameworks */,
				DCA1D009267C5F10004748A7 /* libopencv_phase_unwrapping.4.5.2.dylib in Frameworks */,
				DCA1D011267C5F11004748A7 /* libopencv_bioinspired.4.5.2.dylib in Frameworks */,
				DCA1D013267C5F11004748A7 /* libopencv_mcc.4.5.2.dylib in Frameworks */,
				DCA1D001267C5F10004748A7 /* libopencv_fuzzy.4.5.2.dylib in Frameworks */,
				DCA1CFFA267C5F10004748A7 /* libopencv_bgsegm.4.5.2.dylib in Frameworks */,
				DCA1CFFC267C5F10004748A7 /* libopencv_viz.4.5.2.dylib in Frameworks */,
				DCA1D00F267C5F11004748A7 /* libopencv_ccalib.4.5.2.dylib in Frameworks */,
				DCA1D027267C5F11004748A7 /* libopencv_ml.4.5.2.dylib in Frameworks */,
				DCA1D002267C5F10004748A7 /* libopencv_rapid.4.5.2.dylib in Frameworks */,
				DCA1D004267C5F10004748A7 /* libopencv_img_hash.4.5.2.dylib in Frameworks */,
				DCA1D021267C5F11004748A7 /* libopencv_photo.4.5.2.dylib in Frameworks */,
				DCA1D019267C5F11004748A7 /* libopencv_stereo.4.5.2.dylib in Frameworks */,
				DCA1D020267C5F11004748A7 /* libopencv_quality.4.5.2.dylib in Frameworks */,
				DCA1D00D267C5F11004748A7 /* libopencv_sfm.4.5.2.dylib in Frameworks */,
				DCA1D01A267C5F11004748A7 /* libopencv_datasets.4.5.2.dylib in Frameworks */,
				DCA1D026267C5F11004748A7 /* libopencv_calib3d.4.5.2.dylib in Frameworks */,
				DCA1D00E267C5F11004748A7 /* libopencv_xobjdetect.4.5.2.dylib in Frameworks */,
				DCA1D017267C5F11004748A7 /* libopencv_optflow.4.5.2.dylib in Frameworks */,
				DCA1D022267C5F11004748A7 /* libopencv_shape.4.5.2.dylib in Frameworks */,
				DCA1CFFD267C5F10004748A7 /* libopencv_features2d.4.5.2.dylib in Frameworks */,
				DCA1D008267C5F10004748A7 /* libopencv_imgcodecs.4.5.2.dylib in Frameworks */,
				DCA1CFF7267C5F10004748A7 /* libopencv_tracking.4.5.2.dylib in Frameworks */,
				DCA1CFF8267C5F10004748A7 /* libopencv_face.4.5.2.dylib in Frameworks */,
				DCA1D01D267C5F11004748A7 /* libopencv_alphamat.4.5.2.dylib in Frameworks */,
				DCA1D01F267C5F11004748A7 /* libopencv_reg.4.5.2.dylib in Frameworks */,
				DCA1D006267C5F10004748A7 /* libopencv_intensity_transform.4.5.2.dylib in Frameworks */,
				DCA1D000267C5F10004748A7 /* libopencv_line_descriptor.4.5.2.dylib in Frameworks */,
				DCA1D028267C5F11004748A7 /* libopencv_videoio.4.5.2.dylib in Frameworks */,
				DCA1CFF6267C5F10004748A7 /* libopencv_video.4.5.2.dylib in Frameworks */,
				DCA1D023267C5F11004748A7 /* libopencv_wechat_qrcode.4.5.2.dylib in Frameworks */,
				DCA1D01E267C5F11004748A7 /* libopencv_freetype.4.5.2.dylib in Frameworks */,
				DCA1D00B267C5F11004748A7 /* libopencv_hfs.4.5.2.dylib in Frameworks */,
				DCA1CFFE267C5F10004748A7 /* libopencv_aruco.4.5.2.dylib in Frameworks */,
				DCA1D016267C5F11004748A7 /* libopencv_imgproc.4.5.2.dylib in Frameworks */,
				DCA1CFF5267C5F10004748A7 /* libopencv_xphoto.4.5.2.dylib in Frameworks */,
				DCA1D025267C5F11004748A7 /* libopencv_ximgproc.4.5.2.dylib in Frameworks */,
				DCA1D018267C5F11004748A7 /* libopencv_objdetect.4.5.2.dylib in Frameworks */,
				DCA1D003267C5F10004748A7 /* libopencv_dnn_objdetect.4.5.2.dylib in Frameworks */,
				DCA1D01B267C5F11004748A7 /* libopencv_flann.4.5.2.dylib in Frameworks */,
				DCA1CFFB267C5F10004748A7 /* libopencv_superres.4.5.2.dylib in Frameworks */,
				DCA1D007267C5F10004748A7 /* libopencv_rgbd.4.5.2.dylib in Frameworks */,
				DCA1D012267C5F11004748A7 /* libopencv_core.4.5.2.dylib in Frameworks */,
				DCA1D01C267C5F11004748A7 /* libopencv_text.4.5.2.dylib in Frameworks */,
			);
			runOnlyForDeploymentPostprocessing = 0;
		};
/* End PBXFrameworksBuildPhase section */

/* Begin PBXGroup section */
		DC933389267BC32D006BE981 = {
			isa = PBXGroup;
			children = (
				DCA1CFE6267C5F10004748A7 /* libopencv_alphamat.4.5.2.dylib */,
				DCA1CFC7267C5F0F004748A7 /* libopencv_aruco.4.5.2.dylib */,
				DCA1CFC3267C5F0F004748A7 /* libopencv_bgsegm.4.5.2.dylib */,
				DCA1CFDA267C5F10004748A7 /* libopencv_bioinspired.4.5.2.dylib */,
				DCA1CFEF267C5F10004748A7 /* libopencv_calib3d.4.5.2.dylib */,
				DCA1CFD8267C5F10004748A7 /* libopencv_ccalib.4.5.2.dylib */,
				DCA1CFDB267C5F10004748A7 /* libopencv_core.4.5.2.dylib */,
				DCA1CFE3267C5F10004748A7 /* libopencv_datasets.4.5.2.dylib */,
				DCA1CFCC267C5F0F004748A7 /* libopencv_dnn_objdetect.4.5.2.dylib */,
				DCA1CFC2267C5F0F004748A7 /* libopencv_dnn_superres.4.5.2.dylib */,
				DCA1CFF4267C5F10004748A7 /* libopencv_dnn.4.5.2.dylib */,
				DCA1CFDE267C5F10004748A7 /* libopencv_dpm.4.5.2.dylib */,
				DCA1CFC1267C5F0F004748A7 /* libopencv_face.4.5.2.dylib */,
				DCA1CFC6267C5F0F004748A7 /* libopencv_features2d.4.5.2.dylib */,
				DCA1CFE4267C5F10004748A7 /* libopencv_flann.4.5.2.dylib */,
				DCA1CFE7267C5F10004748A7 /* libopencv_freetype.4.5.2.dylib */,
				DCA1CFCA267C5F0F004748A7 /* libopencv_fuzzy.4.5.2.dylib */,
				DCA1CFCE267C5F0F004748A7 /* libopencv_gapi.4.5.2.dylib */,
				DCA1CFD4267C5F0F004748A7 /* libopencv_hfs.4.5.2.dylib */,
				DCA1CFD9267C5F10004748A7 /* libopencv_highgui.4.5.2.dylib */,
				DCA1CFCD267C5F0F004748A7 /* libopencv_img_hash.4.5.2.dylib */,
				DCA1CFD1267C5F0F004748A7 /* libopencv_imgcodecs.4.5.2.dylib */,
				DCA1CFDF267C5F10004748A7 /* libopencv_imgproc.4.5.2.dylib */,
				DCA1CFCF267C5F0F004748A7 /* libopencv_intensity_transform.4.5.2.dylib */,
				DCA1CFC9267C5F0F004748A7 /* libopencv_line_descriptor.4.5.2.dylib */,
				DCA1CFDC267C5F10004748A7 /* libopencv_mcc.4.5.2.dylib */,
				DCA1CFF0267C5F10004748A7 /* libopencv_ml.4.5.2.dylib */,
				DCA1CFE1267C5F10004748A7 /* libopencv_objdetect.4.5.2.dylib */,
				DCA1CFE0267C5F10004748A7 /* libopencv_optflow.4.5.2.dylib */,
				DCA1CFD2267C5F0F004748A7 /* libopencv_phase_unwrapping.4.5.2.dylib */,
				DCA1CFEA267C5F10004748A7 /* libopencv_photo.4.5.2.dylib */,
				DCA1CFDD267C5F10004748A7 /* libopencv_plot.4.5.2.dylib */,
				DCA1CFE9267C5F10004748A7 /* libopencv_quality.4.5.2.dylib */,
				DCA1CFCB267C5F0F004748A7 /* libopencv_rapid.4.5.2.dylib */,
				DCA1CFE8267C5F10004748A7 /* libopencv_reg.4.5.2.dylib */,
				DCA1CFD0267C5F0F004748A7 /* libopencv_rgbd.4.5.2.dylib */,
				DCA1CFF3267C5F10004748A7 /* libopencv_saliency.4.5.2.dylib */,
				DCA1CFD6267C5F10004748A7 /* libopencv_sfm.4.5.2.dylib */,
				DCA1CFEB267C5F10004748A7 /* libopencv_shape.4.5.2.dylib */,
				DCA1CFE2267C5F10004748A7 /* libopencv_stereo.4.5.2.dylib */,
				DCA1CFED267C5F10004748A7 /* libopencv_stitching.4.5.2.dylib */,
				DCA1CFC8267C5F0F004748A7 /* libopencv_structured_light.4.5.2.dylib */,
				DCA1CFC4267C5F0F004748A7 /* libopencv_superres.4.5.2.dylib */,
				DCA1CFD5267C5F10004748A7 /* libopencv_surface_matching.4.5.2.dylib */,
				DCA1CFE5267C5F10004748A7 /* libopencv_text.4.5.2.dylib */,
				DCA1CFC0267C5F0F004748A7 /* libopencv_tracking.4.5.2.dylib */,
				DCA1CFBF267C5F0F004748A7 /* libopencv_video.4.5.2.dylib */,
				DCA1CFF1267C5F10004748A7 /* libopencv_videoio.4.5.2.dylib */,
				DCA1CFD3267C5F0F004748A7 /* libopencv_videostab.4.5.2.dylib */,
				DCA1CFC5267C5F0F004748A7 /* libopencv_viz.4.5.2.dylib */,
				DCA1CFEC267C5F10004748A7 /* libopencv_wechat_qrcode.4.5.2.dylib */,
				DCA1CFF2267C5F10004748A7 /* libopencv_xfeatures2d.4.5.2.dylib */,
				DCA1CFEE267C5F10004748A7 /* libopencv_ximgproc.4.5.2.dylib */,
				DCA1CFD7267C5F10004748A7 /* libopencv_xobjdetect.4.5.2.dylib */,
				DCA1CFBE267C5F0F004748A7 /* libopencv_xphoto.4.5.2.dylib */,
				DC933394267BC32D006BE981 /* Practice */,
				DC933393267BC32D006BE981 /* Products */,
			);
			sourceTree = "<group>";
		};
		DC933393267BC32D006BE981 /* Products */ = {
			isa = PBXGroup;
			children = (
				DC933392267BC32D006BE981 /* Practice */,
			);
			name = Products;
			sourceTree = "<group>";
		};
		DC933394267BC32D006BE981 /* Practice */ = {
			isa = PBXGroup;
			children = (
				DC933395267BC32D006BE981 /* main.cpp */,
			);
			path = Practice;
			sourceTree = "<group>";
		};
/* End PBXGroup section */

/* Begin PBXNativeTarget section */
		DC933391267BC32D006BE981 /* Practice */ = {
			isa = PBXNativeTarget;
			buildConfigurationList = DC933399267BC32D006BE981 /* Build configuration list for PBXNativeTarget "Practice" */;
			buildPhases = (
				DC93338E267BC32D006BE981 /* Sources */,
				DC93338F267BC32D006BE981 /* Frameworks */,
				DC933390267BC32D006BE981 /* CopyFiles */,
			);
			buildRules = (
			);
			dependencies = (
			);
			name = Practice;
			productName = Practice;
			productReference = DC933392267BC32D006BE981 /* Practice */;
			productType = "com.apple.product-type.tool";
		};
/* End PBXNativeTarget section */

/* Begin PBXProject section */
		DC93338A267BC32D006BE981 /* Project object */ = {
			isa = PBXProject;
			attributes = {
				LastUpgradeCheck = 1200;
				TargetAttributes = {
					DC933391267BC32D006BE981 = {
						CreatedOnToolsVersion = 12.0.1;
					};
				};
			};
			buildConfigurationList = DC93338D267BC32D006BE981 /* Build configuration list for PBXProject "Practice" */;
			compatibilityVersion = "Xcode 9.3";
			developmentRegion = en;
			hasScannedForEncodings = 0;
			knownRegions = (
				en,
				Base,
			);
			mainGroup = DC933389267BC32D006BE981;
			productRefGroup = DC933393267BC32D006BE981 /* Products */;
			projectDirPath = "";
			projectRoot = "";
			targets = (
				DC933391267BC32D006BE981 /* Practice */,
			);
		};
/* End PBXProject section */

/* Begin PBXSourcesBuildPhase section */
		DC93338E267BC32D006BE981 /* Sources */ = {
			isa = PBXSourcesBuildPhase;
			buildActionMask = 2147483647;
			files = (
				DC933396267BC32D006BE981 /* main.cpp in Sources */,
			);
			runOnlyForDeploymentPostprocessing = 0;
		};
/* End PBXSourcesBuildPhase section */

/* Begin XCBuildConfiguration section */
		DC933397267BC32D006BE981 /* Debug */ = {
			isa = XCBuildConfiguration;
			buildSettings = {
				ALWAYS_SEARCH_USER_PATHS = NO;
				CLANG_ANALYZER_NONNULL = YES;
				CLANG_ANALYZER_NUMBER_OBJECT_CONVERSION = YES_AGGRESSIVE;
				CLANG_CXX_LANGUAGE_STANDARD = "gnu++14";
				CLANG_CXX_LIBRARY = "libc++";
				CLANG_ENABLE_MODULES = YES;
				CLANG_ENABLE_OBJC_ARC = YES;
				CLANG_ENABLE_OBJC_WEAK = YES;
				CLANG_WARN_BLOCK_CAPTURE_AUTORELEASING = YES;
				CLANG_WARN_BOOL_CONVERSION = YES;
				CLANG_WARN_COMMA = YES;
				CLANG_WARN_CONSTANT_CONVERSION = YES;
				CLANG_WARN_DEPRECATED_OBJC_IMPLEMENTATIONS = YES;
				CLANG_WARN_DIRECT_OBJC_ISA_USAGE = YES_ERROR;
				CLANG_WARN_DOCUMENTATION_COMMENTS = YES;
				CLANG_WARN_EMPTY_BODY = YES;
				CLANG_WARN_ENUM_CONVERSION = YES;
				CLANG_WARN_INFINITE_RECURSION = YES;
				CLANG_WARN_INT_CONVERSION = YES;
				CLANG_WARN_NON_LITERAL_NULL_CONVERSION = YES;
				CLANG_WARN_OBJC_IMPLICIT_RETAIN_SELF = YES;
				CLANG_WARN_OBJC_LITERAL_CONVERSION = YES;
				CLANG_WARN_OBJC_ROOT_CLASS = YES_ERROR;
				CLANG_WARN_QUOTED_INCLUDE_IN_FRAMEWORK_HEADER = YES;
				CLANG_WARN_RANGE_LOOP_ANALYSIS = YES;
				CLANG_WARN_STRICT_PROTOTYPES = YES;
				CLANG_WARN_SUSPICIOUS_MOVE = YES;
				CLANG_WARN_UNGUARDED_AVAILABILITY = YES_AGGRESSIVE;
				CLANG_WARN_UNREACHABLE_CODE = YES;
				CLANG_WARN__DUPLICATE_METHOD_MATCH = YES;
				COPY_PHASE_STRIP = NO;
				DEBUG_INFORMATION_FORMAT = dwarf;
				ENABLE_STRICT_OBJC_MSGSEND = YES;
				ENABLE_TESTABILITY = YES;
				GCC_C_LANGUAGE_STANDARD = gnu11;
				GCC_DYNAMIC_NO_PIC = NO;
				GCC_NO_COMMON_BLOCKS = YES;
				GCC_OPTIMIZATION_LEVEL = 0;
				GCC_PREPROCESSOR_DEFINITIONS = (
					"DEBUG=1",
					"$(inherited)",
				);
				GCC_WARN_64_TO_32_BIT_CONVERSION = YES;
				GCC_WARN_ABOUT_RETURN_TYPE = YES_ERROR;
				GCC_WARN_UNDECLARED_SELECTOR = YES;
				GCC_WARN_UNINITIALIZED_AUTOS = YES_AGGRESSIVE;
				GCC_WARN_UNUSED_FUNCTION = YES;
				GCC_WARN_UNUSED_VARIABLE = YES;
				MACOSX_DEPLOYMENT_TARGET = 10.15;
				MTL_ENABLE_DEBUG_INFO = INCLUDE_SOURCE;
				MTL_FAST_MATH = YES;
				ONLY_ACTIVE_ARCH = YES;
				SDKROOT = macosx;
			};
			name = Debug;
		};
		DC933398267BC32D006BE981 /* Release */ = {
			isa = XCBuildConfiguration;
			buildSettings = {
				ALWAYS_SEARCH_USER_PATHS = NO;
				CLANG_ANALYZER_NONNULL = YES;
				CLANG_ANALYZER_NUMBER_OBJECT_CONVERSION = YES_AGGRESSIVE;
				CLANG_CXX_LANGUAGE_STANDARD = "gnu++14";
				CLANG_CXX_LIBRARY = "libc++";
				CLANG_ENABLE_MODULES = YES;
				CLANG_ENABLE_OBJC_ARC = YES;
				CLANG_ENABLE_OBJC_WEAK = YES;
				CLANG_WARN_BLOCK_CAPTURE_AUTORELEASING = YES;
				CLANG_WARN_BOOL_CONVERSION = YES;
				CLANG_WARN_COMMA = YES;
				CLANG_WARN_CONSTANT_CONVERSION = YES;
				CLANG_WARN_DEPRECATED_OBJC_IMPLEMENTATIONS = YES;
				CLANG_WARN_DIRECT_OBJC_ISA_USAGE = YES_ERROR;
				CLANG_WARN_DOCUMENTATION_COMMENTS = YES;
				CLANG_WARN_EMPTY_BODY = YES;
				CLANG_WARN_ENUM_CONVERSION = YES;
				CLANG_WARN_INFINITE_RECURSION = YES;
				CLANG_WARN_INT_CONVERSION = YES;
				CLANG_WARN_NON_LITERAL_NULL_CONVERSION = YES;
				CLANG_WARN_OBJC_IMPLICIT_RETAIN_SELF = YES;
				CLANG_WARN_OBJC_LITERAL_CONVERSION = YES;
				CLANG_WARN_OBJC_ROOT_CLASS = YES_ERROR;
				CLANG_WARN_QUOTED_INCLUDE_IN_FRAMEWORK_HEADER = YES;
				CLANG_WARN_RANGE_LOOP_ANALYSIS = YES;
				CLANG_WARN_STRICT_PROTOTYPES = YES;
				CLANG_WARN_SUSPICIOUS_MOVE = YES;
				CLANG_WARN_UNGUARDED_AVAILABILITY = YES_AGGRESSIVE;
				CLANG_WARN_UNREACHABLE_CODE = YES;
				CLANG_WARN__DUPLICATE_METHOD_MATCH = YES;
				COPY_PHASE_STRIP = NO;
				DEBUG_INFORMATION_FORMAT = "dwarf-with-dsym";
				ENABLE_NS_ASSERTIONS = NO;
				ENABLE_STRICT_OBJC_MSGSEND = YES;
				GCC_C_LANGUAGE_STANDARD = gnu11;
				GCC_NO_COMMON_BLOCKS = YES;
				GCC_WARN_64_TO_32_BIT_CONVERSION = YES;
				GCC_WARN_ABOUT_RETURN_TYPE = YES_ERROR;
				GCC_WARN_UNDECLARED_SELECTOR = YES;
				GCC_WARN_UNINITIALIZED_AUTOS = YES_AGGRESSIVE;
				GCC_WARN_UNUSED_FUNCTION = YES;
				GCC_WARN_UNUSED_VARIABLE = YES;
				MACOSX_DEPLOYMENT_TARGET = 10.15;
				MTL_ENABLE_DEBUG_INFO = NO;
				MTL_FAST_MATH = YES;
				SDKROOT = macosx;
			};
			name = Release;
		};
		DC93339A267BC32D006BE981 /* Debug */ = {
			isa = XCBuildConfiguration;
			buildSettings = {
				CODE_SIGN_STYLE = Automatic;
				HEADER_SEARCH_PATHS = "/usr/local/Cellar/opencv/4.5.2_4/include/opencv4/**";
				LIBRARY_SEARCH_PATHS = (
					"$(inherited)",
					/usr/local/Cellar/opencv/4.5.2_4/lib,
				);
				PRODUCT_NAME = "$(TARGET_NAME)";
				SYSTEM_HEADER_SEARCH_PATHS = "";
			};
			name = Debug;
		};
		DC93339B267BC32D006BE981 /* Release */ = {
			isa = XCBuildConfiguration;
			buildSettings = {
				CODE_SIGN_STYLE = Automatic;
				HEADER_SEARCH_PATHS = "/usr/local/Cellar/opencv/4.5.2_4/include/opencv4/**";
				LIBRARY_SEARCH_PATHS = (
					"$(inherited)",
					/usr/local/Cellar/opencv/4.5.2_4/lib,
				);
				PRODUCT_NAME = "$(TARGET_NAME)";
				SYSTEM_HEADER_SEARCH_PATHS = "";
			};
			name = Release;
		};
/* End XCBuildConfiguration section */

/* Begin XCConfigurationList section */
		DC93338D267BC32D006BE981 /* Build configuration list for PBXProject "Practice" */ = {
			isa = XCConfigurationList;
			buildConfigurations = (
				DC933397267BC32D006BE981 /* Debug */,
				DC933398267BC32D006BE981 /* Release */,
			);
			defaultConfigurationIsVisible = 0;
			defaultConfigurationName = Release;
		};
		DC933399267BC32D006BE981 /* Build configuration list for PBXNativeTarget "Practice" */ = {
			isa = XCConfigurationList;
			buildConfigurations = (
				DC93339A267BC32D006BE981 /* Debug */,
				DC93339B267BC32D006BE981 /* Release */,
			);
			defaultConfigurationIsVisible = 0;
			defaultConfigurationName = Release;
		};
/* End XCConfigurationList section */
	};
	rootObject = DC93338A267BC32D006BE981 /* Project object */;
}
